
Microsoft Visual Studio Solution File, Format Version 12.00
# Visual Studio Version 16
VisualStudioVersion = 16.0.31205.134
MinimumVisualStudioVersion = 10.0.40219.1
Project("{FAE04EC0-301F-11D3-BF4B-00C04F79EFBC}") = "OdeToFood", "OdeToFood\OdeToFood.csproj", "{BCF56851-6DB5-4801-8D4C-61EE1906AC2F}"
EndProject
Project("{FAE04EC0-301F-11D3-BF4B-00C04F79EFBC}") = "OdeToFood.Core", "OdeToFood.Core\OdeToFood.Core.csproj", "{4D9FCB8C-DC03-4CA5-A7DB-5DDC5A7E319E}"
EndProject
Project("{FAE04EC0-301F-11D3-BF4B-00C04F79EFBC}") = "OdeToFood.Data", "OdeToFood.Data\OdeToFood.Data.csproj", "{CF20D512-B45B-4627-BC7D-79C8840A1A2E}"
EndProject
Global
	GlobalSection(SolutionConfigurationPlatforms) = preSolution
		Debug|Any CPU = Debug|Any CPU
		Release|Any CPU = Release|Any CPU
	EndGlobalSection
	GlobalSection(ProjectConfigurationPlatforms) = postSolution
		{BCF56851-6DB5-4801-8D4C-61EE1906AC2F}.Debug|Any CPU.ActiveCfg = Debug|Any CPU
		{BCF56851-6DB5-4801-8D4C-61EE1906AC2F}.Debug|Any CPU.Build.0 = Debug|Any CPU
		{BCF56851-6DB5-4801-8D4C-61EE1906AC2F}.Release|Any CPU.ActiveCfg = Release|Any CPU
		{BCF56851-6DB5-4801-8D4C-61EE1906AC2F}.Release|Any CPU.Build.0 = Release|Any CPU
		{4D9FCB8C-DC03-4CA5-A7DB-5DDC5A7E319E}.Debug|Any CPU.ActiveCfg = Debug|Any CPU
		{4D9FCB8C-DC03-4CA5-A7DB-5DDC5A7E319E}.Debug|Any CPU.Build.0 = Debug|Any CPU
		{4D9FCB8C-DC03-4CA5-A7DB-5DDC5A7E319E}.Release|Any CPU.ActiveCfg = Release|Any CPU
		{4D9FCB8C-DC03-4CA5-A7DB-5DDC5A7E319E}.Release|Any CPU.Build.0 = Release|Any CPU
		{CF20D512-B45B-4627-BC7D-79C8840A1A2E}.Debug|Any CPU.ActiveCfg = Debug|Any CPU
		{CF20D512-B45B-4627-BC7D-79C8840A1A2E}.Debug|Any CPU.Build.0 = Debug|Any CPU
		{CF20D512-B45B-4627-BC7D-79C8840A1A2E}.Release|Any CPU.ActiveCfg = Release|Any CPU
		{CF20D512-B45B-4627-BC7D-79C8840A1A2E}.Release|Any CPU.Build.0 = Release|Any CPU
	EndGlobalSection
	GlobalSection(SolutionProperties) = preSolution
		HideSolutionNode = FALSE
	EndGlobalSection
	GlobalSection(ExtensibilityGlobals) = postSolution
		SolutionGuid = {A1B6F324-A220-43F7-B28B-AFBA8FA65005}
	EndGlobalSection
EndGlobal
